# This file is automatically @generated by Cargo.
# It is not intended for manual editing.
version = 3

[[package]]
name = "some-bin"
version = "0.1.0"
dependencies = [
 "some-inner-lib",
]

[[package]]
name = "some-inner-lib"
version = "0.1.0"
source = "git+https://github.com/gui1117/debug_rustc_suggestion#0f4146e651dd028ca13b062c10a44466e25566cd"
